
Microsoft Visual Studio Solution File, Format Version 12.00
# Visual Studio 2017
Project("{FAE04EC0-301F-11D3-BF4B-00C04F79EFBC}") = "Platformer_Tutorial", "Platformer_Tutorial.csproj", "{8F66CE1E-50BA-51C6-9361-9D8C3B644A32}"
EndProject
Global
	GlobalSection(SolutionConfigurationPlatforms) = preSolution
		Debug|Any CPU = Debug|Any CPU
		Release|Any CPU = Release|Any CPU
	EndGlobalSection
	GlobalSection(ProjectConfigurationPlatforms) = postSolution
		{8F66CE1E-50BA-51C6-9361-9D8C3B644A32}.Debug|Any CPU.ActiveCfg = Debug|Any CPU
		{8F66CE1E-50BA-51C6-9361-9D8C3B644A32}.Debug|Any CPU.Build.0 = Debug|Any CPU
		{8F66CE1E-50BA-51C6-9361-9D8C3B644A32}.Release|Any CPU.ActiveCfg = Release|Any CPU
		{8F66CE1E-50BA-51C6-9361-9D8C3B644A32}.Release|Any CPU.Build.0 = Release|Any CPU
	EndGlobalSection
	GlobalSection(SolutionProperties) = preSolution
		HideSolutionNode = FALSE
	EndGlobalSection
EndGlobal
